// !$*UTF8*$!
{
	archiveVersion = 1;
	classes = {
	};
	objectVersion = 46;
	objects = {

/* Begin PBXAggregateTarget section */
		E55AB8391B2F040300917BB1 /* Trails_iOS_SDK-Universal */ = {
			isa = PBXAggregateTarget;
			buildConfigurationList = E55AB83A1B2F040300917BB1 /* Build configuration list for PBXAggregateTarget "Trails_iOS_SDK-Universal" */;
			buildPhases = (
				E55AB83D1B2F045600917BB1 /* ShellScript */,
			);
			dependencies = (
			);
			name = "Trails_iOS_SDK-Universal";
			productName = "Trails_iOS_SDK-Universal";
		};
/* End PBXAggregateTarget section */

/* Begin PBXBuildFile section */
		20A7668599D5AFF01D063BB2 /* Pods_Trails_iOS_SDK.framework in Frameworks */ = {isa = PBXBuildFile; fileRef = 87F9A2761337EB9BD2F0A6D3 /* Pods_Trails_iOS_SDK.framework */; settings = {ATTRIBUTES = (Weak, ); }; };
		E539E8721B302D3C001C5E89 /* TRSConstants.h in Headers */ = {isa = PBXBuildFile; fileRef = E539E8711B302D3C001C5E89 /* TRSConstants.h */; settings = {ATTRIBUTES = (Public, ); }; };
		E539E8741B302D58001C5E89 /* TRSAPIConstants.h in Headers */ = {isa = PBXBuildFile; fileRef = E539E8731B302D58001C5E89 /* TRSAPIConstants.h */; };
		E539E8761B302D6D001C5E89 /* TRSJSONModelConstants.h in Headers */ = {isa = PBXBuildFile; fileRef = E539E8751B302D6D001C5E89 /* TRSJSONModelConstants.h */; };
		E539E8781B302D80001C5E89 /* TRSJSONRequestConstants.h in Headers */ = {isa = PBXBuildFile; fileRef = E539E8771B302D80001C5E89 /* TRSJSONRequestConstants.h */; };
		E539E87A1B302D91001C5E89 /* TRSJSONResponseConstants.h in Headers */ = {isa = PBXBuildFile; fileRef = E539E8791B302D91001C5E89 /* TRSJSONResponseConstants.h */; };
		E539E87D1B303000001C5E89 /* TRSJSONSerializable.h in Headers */ = {isa = PBXBuildFile; fileRef = E539E87B1B303000001C5E89 /* TRSJSONSerializable.h */; settings = {ATTRIBUTES = (Public, ); }; };
		E539E8811B30306C001C5E89 /* TRSUser.h in Headers */ = {isa = PBXBuildFile; fileRef = E539E87F1B30306C001C5E89 /* TRSUser.h */; settings = {ATTRIBUTES = (Public, ); }; };
		E539E8821B30306C001C5E89 /* TRSUser.m in Sources */ = {isa = PBXBuildFile; fileRef = E539E8801B30306C001C5E89 /* TRSUser.m */; };
		E539E8851B303080001C5E89 /* TRSTrack.h in Headers */ = {isa = PBXBuildFile; fileRef = E539E8831B303080001C5E89 /* TRSTrack.h */; settings = {ATTRIBUTES = (Public, ); }; };
		E539E8861B303080001C5E89 /* TRSTrack.m in Sources */ = {isa = PBXBuildFile; fileRef = E539E8841B303080001C5E89 /* TRSTrack.m */; };
		E539E8891B30355C001C5E89 /* TRSCookieManager.h in Headers */ = {isa = PBXBuildFile; fileRef = E539E8871B30355C001C5E89 /* TRSCookieManager.h */; };
		E539E88A1B30355C001C5E89 /* TRSCookieManager.m in Sources */ = {isa = PBXBuildFile; fileRef = E539E8881B30355C001C5E89 /* TRSCookieManager.m */; };
		E539E88D1B30356E001C5E89 /* TRSSessionManager.h in Headers */ = {isa = PBXBuildFile; fileRef = E539E88B1B30356E001C5E89 /* TRSSessionManager.h */; };
		E539E88E1B30356E001C5E89 /* TRSSessionManager.m in Sources */ = {isa = PBXBuildFile; fileRef = E539E88C1B30356E001C5E89 /* TRSSessionManager.m */; };
		E539E8911B3035E0001C5E89 /* TRSRequestBuilder.h in Headers */ = {isa = PBXBuildFile; fileRef = E539E88F1B3035E0001C5E89 /* TRSRequestBuilder.h */; };
		E539E8921B3035E0001C5E89 /* TRSRequestBuilder.m in Sources */ = {isa = PBXBuildFile; fileRef = E539E8901B3035E0001C5E89 /* TRSRequestBuilder.m */; };
		E539E8951B3035F8001C5E89 /* TRSResponseObject.h in Headers */ = {isa = PBXBuildFile; fileRef = E539E8931B3035F8001C5E89 /* TRSResponseObject.h */; settings = {ATTRIBUTES = (Public, ); }; };
		E539E8961B3035F8001C5E89 /* TRSResponseObject.m in Sources */ = {isa = PBXBuildFile; fileRef = E539E8941B3035F8001C5E89 /* TRSResponseObject.m */; };
		E539E8991B303625001C5E89 /* TRSImageRequestBuilder.h in Headers */ = {isa = PBXBuildFile; fileRef = E539E8971B303625001C5E89 /* TRSImageRequestBuilder.h */; settings = {ATTRIBUTES = (Public, ); }; };
		E539E89A1B303625001C5E89 /* TRSImageRequestBuilder.m in Sources */ = {isa = PBXBuildFile; fileRef = E539E8981B303625001C5E89 /* TRSImageRequestBuilder.m */; };
		E539E89D1B303640001C5E89 /* TRSSettings.h in Headers */ = {isa = PBXBuildFile; fileRef = E539E89B1B303640001C5E89 /* TRSSettings.h */; };
		E539E89E1B303640001C5E89 /* TRSSettings.m in Sources */ = {isa = PBXBuildFile; fileRef = E539E89C1B303640001C5E89 /* TRSSettings.m */; };
		E539E8A11B3036C2001C5E89 /* TRSNetworkTask.h in Headers */ = {isa = PBXBuildFile; fileRef = E539E89F1B3036C2001C5E89 /* TRSNetworkTask.h */; };
		E539E8A21B3036C2001C5E89 /* TRSNetworkTask.m in Sources */ = {isa = PBXBuildFile; fileRef = E539E8A01B3036C2001C5E89 /* TRSNetworkTask.m */; };
		E539E8A61B30377B001C5E89 /* TRSLifecycleManager.h in Headers */ = {isa = PBXBuildFile; fileRef = E539E8A41B30377B001C5E89 /* TRSLifecycleManager.h */; settings = {ATTRIBUTES = (Public, ); }; };
		E539E8A71B30377B001C5E89 /* TRSLifecycleManager.m in Sources */ = {isa = PBXBuildFile; fileRef = E539E8A51B30377B001C5E89 /* TRSLifecycleManager.m */; };
		E539E8B31B31A214001C5E89 /* TRSLoginTask.h in Headers */ = {isa = PBXBuildFile; fileRef = E539E8B11B31A214001C5E89 /* TRSLoginTask.h */; };
		E539E8B41B31A214001C5E89 /* TRSLoginTask.m in Sources */ = {isa = PBXBuildFile; fileRef = E539E8B21B31A214001C5E89 /* TRSLoginTask.m */; };
		E539E8B81B31A32F001C5E89 /* TRSUserManager.h in Headers */ = {isa = PBXBuildFile; fileRef = E539E8B61B31A32F001C5E89 /* TRSUserManager.h */; settings = {ATTRIBUTES = (Public, ); }; };
		E539E8B91B31A32F001C5E89 /* TRSUserManager.m in Sources */ = {isa = PBXBuildFile; fileRef = E539E8B71B31A32F001C5E89 /* TRSUserManager.m */; };
		E539E8BD1B34194E001C5E89 /* TRSGetAllTracksTask.h in Headers */ = {isa = PBXBuildFile; fileRef = E539E8BB1B34194E001C5E89 /* TRSGetAllTracksTask.h */; };
		E539E8BE1B34194E001C5E89 /* TRSGetAllTracksTask.m in Sources */ = {isa = PBXBuildFile; fileRef = E539E8BC1B34194E001C5E89 /* TRSGetAllTracksTask.m */; };
		E539E8C21B341B91001C5E89 /* TRSTrackManager.h in Headers */ = {isa = PBXBuildFile; fileRef = E539E8C01B341B91001C5E89 /* TRSTrackManager.h */; settings = {ATTRIBUTES = (Public, ); }; };
		E539E8C31B341B91001C5E89 /* TRSTrackManager.m in Sources */ = {isa = PBXBuildFile; fileRef = E539E8C11B341B91001C5E89 /* TRSTrackManager.m */; };
		E539E8C61B342587001C5E89 /* TRSGetAllUsersTask.h in Headers */ = {isa = PBXBuildFile; fileRef = E539E8C41B342587001C5E89 /* TRSGetAllUsersTask.h */; };
		E539E8C71B342587001C5E89 /* TRSGetAllUsersTask.m in Sources */ = {isa = PBXBuildFile; fileRef = E539E8C51B342587001C5E89 /* TRSGetAllUsersTask.m */; };
		E539E8CA1B342691001C5E89 /* TRSPlaybackRequestBuilder.h in Headers */ = {isa = PBXBuildFile; fileRef = E539E8C81B342691001C5E89 /* TRSPlaybackRequestBuilder.h */; settings = {ATTRIBUTES = (Public, ); }; };
		E539E8CB1B342691001C5E89 /* TRSPlaybackRequestBuilder.m in Sources */ = {isa = PBXBuildFile; fileRef = E539E8C91B342691001C5E89 /* TRSPlaybackRequestBuilder.m */; };
		E55AB81B1B2EFD2300917BB1 /* Trails_iOS_SDK.h in Headers */ = {isa = PBXBuildFile; fileRef = E55AB81A1B2EFD2300917BB1 /* Trails_iOS_SDK.h */; settings = {ATTRIBUTES = (Public, ); }; };
		E55AB8211B2EFD2300917BB1 /* Trails_iOS_SDK.framework in Frameworks */ = {isa = PBXBuildFile; fileRef = E55AB8151B2EFD2300917BB1 /* Trails_iOS_SDK.framework */; };
		E55AB8281B2EFD2300917BB1 /* Trails_iOS_SDKTests.m in Sources */ = {isa = PBXBuildFile; fileRef = E55AB8271B2EFD2300917BB1 /* Trails_iOS_SDKTests.m */; };
		E55AB8321B2F024500917BB1 /* Trails_iOS_SDK-Prefix.pch in Headers */ = {isa = PBXBuildFile; fileRef = E55AB8311B2F024500917BB1 /* Trails_iOS_SDK-Prefix.pch */; };
		E55AB8341B2F028F00917BB1 /* SystemConfiguration.framework in Frameworks */ = {isa = PBXBuildFile; fileRef = E55AB8331B2F028F00917BB1 /* SystemConfiguration.framework */; };
		E55AB8361B2F029700917BB1 /* MobileCoreServices.framework in Frameworks */ = {isa = PBXBuildFile; fileRef = E55AB8351B2F029700917BB1 /* MobileCoreServices.framework */; };
		E55AB8381B2F029F00917BB1 /* CoreLocation.framework in Frameworks */ = {isa = PBXBuildFile; fileRef = E55AB8371B2F029F00917BB1 /* CoreLocation.framework */; };
/* End PBXBuildFile section */

/* Begin PBXContainerItemProxy section */
		E55AB8221B2EFD2300917BB1 /* PBXContainerItemProxy */ = {
			isa = PBXContainerItemProxy;
			containerPortal = E55AB80C1B2EFD2300917BB1 /* Project object */;
			proxyType = 1;
			remoteGlobalIDString = E55AB8141B2EFD2300917BB1;
			remoteInfo = Trails_iOS_SDK;
		};
/* End PBXContainerItemProxy section */

/* Begin PBXFileReference section */
		6E133C5C60A290A6BDF724E3 /* Pods-Trails_iOS_SDK.release.xcconfig */ = {isa = PBXFileReference; includeInIndex = 1; lastKnownFileType = text.xcconfig; name = "Pods-Trails_iOS_SDK.release.xcconfig"; path = "Pods/Target Support Files/Pods-Trails_iOS_SDK/Pods-Trails_iOS_SDK.release.xcconfig"; sourceTree = "<group>"; };
		78C5E43CB8E9A0F1B257A703 /* Pods-Trails_iOS_SDK.debug.xcconfig */ = {isa = PBXFileReference; includeInIndex = 1; lastKnownFileType = text.xcconfig; name = "Pods-Trails_iOS_SDK.debug.xcconfig"; path = "Pods/Target Support Files/Pods-Trails_iOS_SDK/Pods-Trails_iOS_SDK.debug.xcconfig"; sourceTree = "<group>"; };
		87F9A2761337EB9BD2F0A6D3 /* Pods_Trails_iOS_SDK.framework */ = {isa = PBXFileReference; explicitFileType = wrapper.framework; includeInIndex = 0; path = Pods_Trails_iOS_SDK.framework; sourceTree = BUILT_PRODUCTS_DIR; };
		E539E8711B302D3C001C5E89 /* TRSConstants.h */ = {isa = PBXFileReference; fileEncoding = 4; lastKnownFileType = sourcecode.c.h; path = TRSConstants.h; sourceTree = "<group>"; };
		E539E8731B302D58001C5E89 /* TRSAPIConstants.h */ = {isa = PBXFileReference; fileEncoding = 4; lastKnownFileType = sourcecode.c.h; path = TRSAPIConstants.h; sourceTree = "<group>"; };
		E539E8751B302D6D001C5E89 /* TRSJSONModelConstants.h */ = {isa = PBXFileReference; fileEncoding = 4; lastKnownFileType = sourcecode.c.h; path = TRSJSONModelConstants.h; sourceTree = "<group>"; };
		E539E8771B302D80001C5E89 /* TRSJSONRequestConstants.h */ = {isa = PBXFileReference; fileEncoding = 4; lastKnownFileType = sourcecode.c.h; path = TRSJSONRequestConstants.h; sourceTree = "<group>"; };
		E539E8791B302D91001C5E89 /* TRSJSONResponseConstants.h */ = {isa = PBXFileReference; fileEncoding = 4; lastKnownFileType = sourcecode.c.h; path = TRSJSONResponseConstants.h; sourceTree = "<group>"; };
		E539E87B1B303000001C5E89 /* TRSJSONSerializable.h */ = {isa = PBXFileReference; fileEncoding = 4; lastKnownFileType = sourcecode.c.h; path = TRSJSONSerializable.h; sourceTree = "<group>"; };
		E539E87F1B30306C001C5E89 /* TRSUser.h */ = {isa = PBXFileReference; fileEncoding = 4; lastKnownFileType = sourcecode.c.h; path = TRSUser.h; sourceTree = "<group>"; };
		E539E8801B30306C001C5E89 /* TRSUser.m */ = {isa = PBXFileReference; fileEncoding = 4; lastKnownFileType = sourcecode.c.objc; path = TRSUser.m; sourceTree = "<group>"; };
		E539E8831B303080001C5E89 /* TRSTrack.h */ = {isa = PBXFileReference; fileEncoding = 4; lastKnownFileType = sourcecode.c.h; path = TRSTrack.h; sourceTree = "<group>"; };
		E539E8841B303080001C5E89 /* TRSTrack.m */ = {isa = PBXFileReference; fileEncoding = 4; lastKnownFileType = sourcecode.c.objc; path = TRSTrack.m; sourceTree = "<group>"; };
		E539E8871B30355C001C5E89 /* TRSCookieManager.h */ = {isa = PBXFileReference; fileEncoding = 4; lastKnownFileType = sourcecode.c.h; path = TRSCookieManager.h; sourceTree = "<group>"; };
		E539E8881B30355C001C5E89 /* TRSCookieManager.m */ = {isa = PBXFileReference; fileEncoding = 4; lastKnownFileType = sourcecode.c.objc; path = TRSCookieManager.m; sourceTree = "<group>"; };
		E539E88B1B30356E001C5E89 /* TRSSessionManager.h */ = {isa = PBXFileReference; fileEncoding = 4; lastKnownFileType = sourcecode.c.h; path = TRSSessionManager.h; sourceTree = "<group>"; };
		E539E88C1B30356E001C5E89 /* TRSSessionManager.m */ = {isa = PBXFileReference; fileEncoding = 4; lastKnownFileType = sourcecode.c.objc; path = TRSSessionManager.m; sourceTree = "<group>"; };
		E539E88F1B3035E0001C5E89 /* TRSRequestBuilder.h */ = {isa = PBXFileReference; fileEncoding = 4; lastKnownFileType = sourcecode.c.h; path = TRSRequestBuilder.h; sourceTree = "<group>"; };
		E539E8901B3035E0001C5E89 /* TRSRequestBuilder.m */ = {isa = PBXFileReference; fileEncoding = 4; lastKnownFileType = sourcecode.c.objc; path = TRSRequestBuilder.m; sourceTree = "<group>"; };
		E539E8931B3035F8001C5E89 /* TRSResponseObject.h */ = {isa = PBXFileReference; fileEncoding = 4; lastKnownFileType = sourcecode.c.h; path = TRSResponseObject.h; sourceTree = "<group>"; };
		E539E8941B3035F8001C5E89 /* TRSResponseObject.m */ = {isa = PBXFileReference; fileEncoding = 4; lastKnownFileType = sourcecode.c.objc; path = TRSResponseObject.m; sourceTree = "<group>"; };
		E539E8971B303625001C5E89 /* TRSImageRequestBuilder.h */ = {isa = PBXFileReference; fileEncoding = 4; lastKnownFileType = sourcecode.c.h; path = TRSImageRequestBuilder.h; sourceTree = "<group>"; };
		E539E8981B303625001C5E89 /* TRSImageRequestBuilder.m */ = {isa = PBXFileReference; fileEncoding = 4; lastKnownFileType = sourcecode.c.objc; path = TRSImageRequestBuilder.m; sourceTree = "<group>"; };
		E539E89B1B303640001C5E89 /* TRSSettings.h */ = {isa = PBXFileReference; fileEncoding = 4; lastKnownFileType = sourcecode.c.h; path = TRSSettings.h; sourceTree = "<group>"; };
		E539E89C1B303640001C5E89 /* TRSSettings.m */ = {isa = PBXFileReference; fileEncoding = 4; lastKnownFileType = sourcecode.c.objc; path = TRSSettings.m; sourceTree = "<group>"; };
		E539E89F1B3036C2001C5E89 /* TRSNetworkTask.h */ = {isa = PBXFileReference; fileEncoding = 4; lastKnownFileType = sourcecode.c.h; path = TRSNetworkTask.h; sourceTree = "<group>"; };
		E539E8A01B3036C2001C5E89 /* TRSNetworkTask.m */ = {isa = PBXFileReference; fileEncoding = 4; lastKnownFileType = sourcecode.c.objc; path = TRSNetworkTask.m; sourceTree = "<group>"; };
		E539E8A41B30377B001C5E89 /* TRSLifecycleManager.h */ = {isa = PBXFileReference; fileEncoding = 4; lastKnownFileType = sourcecode.c.h; path = TRSLifecycleManager.h; sourceTree = "<group>"; };
		E539E8A51B30377B001C5E89 /* TRSLifecycleManager.m */ = {isa = PBXFileReference; fileEncoding = 4; lastKnownFileType = sourcecode.c.objc; path = TRSLifecycleManager.m; sourceTree = "<group>"; };
		E539E8B11B31A214001C5E89 /* TRSLoginTask.h */ = {isa = PBXFileReference; fileEncoding = 4; lastKnownFileType = sourcecode.c.h; path = TRSLoginTask.h; sourceTree = "<group>"; };
		E539E8B21B31A214001C5E89 /* TRSLoginTask.m */ = {isa = PBXFileReference; fileEncoding = 4; lastKnownFileType = sourcecode.c.objc; path = TRSLoginTask.m; sourceTree = "<group>"; };
		E539E8B61B31A32F001C5E89 /* TRSUserManager.h */ = {isa = PBXFileReference; fileEncoding = 4; lastKnownFileType = sourcecode.c.h; path = TRSUserManager.h; sourceTree = "<group>"; };
		E539E8B71B31A32F001C5E89 /* TRSUserManager.m */ = {isa = PBXFileReference; fileEncoding = 4; lastKnownFileType = sourcecode.c.objc; path = TRSUserManager.m; sourceTree = "<group>"; };
		E539E8BB1B34194E001C5E89 /* TRSGetAllTracksTask.h */ = {isa = PBXFileReference; fileEncoding = 4; lastKnownFileType = sourcecode.c.h; path = TRSGetAllTracksTask.h; sourceTree = "<group>"; };
		E539E8BC1B34194E001C5E89 /* TRSGetAllTracksTask.m */ = {isa = PBXFileReference; fileEncoding = 4; lastKnownFileType = sourcecode.c.objc; path = TRSGetAllTracksTask.m; sourceTree = "<group>"; };
		E539E8C01B341B91001C5E89 /* TRSTrackManager.h */ = {isa = PBXFileReference; fileEncoding = 4; lastKnownFileType = sourcecode.c.h; path = TRSTrackManager.h; sourceTree = "<group>"; };
		E539E8C11B341B91001C5E89 /* TRSTrackManager.m */ = {isa = PBXFileReference; fileEncoding = 4; lastKnownFileType = sourcecode.c.objc; path = TRSTrackManager.m; sourceTree = "<group>"; };
		E539E8C41B342587001C5E89 /* TRSGetAllUsersTask.h */ = {isa = PBXFileReference; fileEncoding = 4; lastKnownFileType = sourcecode.c.h; path = TRSGetAllUsersTask.h; sourceTree = "<group>"; };
		E539E8C51B342587001C5E89 /* TRSGetAllUsersTask.m */ = {isa = PBXFileReference; fileEncoding = 4; lastKnownFileType = sourcecode.c.objc; path = TRSGetAllUsersTask.m; sourceTree = "<group>"; };
		E539E8C81B342691001C5E89 /* TRSPlaybackRequestBuilder.h */ = {isa = PBXFileReference; fileEncoding = 4; lastKnownFileType = sourcecode.c.h; path = TRSPlaybackRequestBuilder.h; sourceTree = "<group>"; };
		E539E8C91B342691001C5E89 /* TRSPlaybackRequestBuilder.m */ = {isa = PBXFileReference; fileEncoding = 4; lastKnownFileType = sourcecode.c.objc; path = TRSPlaybackRequestBuilder.m; sourceTree = "<group>"; };
		E55AB8151B2EFD2300917BB1 /* Trails_iOS_SDK.framework */ = {isa = PBXFileReference; explicitFileType = wrapper.framework; includeInIndex = 0; path = Trails_iOS_SDK.framework; sourceTree = BUILT_PRODUCTS_DIR; };
		E55AB8191B2EFD2300917BB1 /* Info.plist */ = {isa = PBXFileReference; lastKnownFileType = text.plist.xml; path = Info.plist; sourceTree = "<group>"; };
		E55AB81A1B2EFD2300917BB1 /* Trails_iOS_SDK.h */ = {isa = PBXFileReference; lastKnownFileType = sourcecode.c.h; path = Trails_iOS_SDK.h; sourceTree = "<group>"; };
		E55AB8201B2EFD2300917BB1 /* Trails_iOS_SDKTests.xctest */ = {isa = PBXFileReference; explicitFileType = wrapper.cfbundle; includeInIndex = 0; path = Trails_iOS_SDKTests.xctest; sourceTree = BUILT_PRODUCTS_DIR; };
		E55AB8261B2EFD2300917BB1 /* Info.plist */ = {isa = PBXFileReference; lastKnownFileType = text.plist.xml; path = Info.plist; sourceTree = "<group>"; };
		E55AB8271B2EFD2300917BB1 /* Trails_iOS_SDKTests.m */ = {isa = PBXFileReference; lastKnownFileType = sourcecode.c.objc; path = Trails_iOS_SDKTests.m; sourceTree = "<group>"; };
		E55AB8311B2F024500917BB1 /* Trails_iOS_SDK-Prefix.pch */ = {isa = PBXFileReference; fileEncoding = 4; lastKnownFileType = sourcecode.c.h; path = "Trails_iOS_SDK-Prefix.pch"; sourceTree = "<group>"; };
		E55AB8331B2F028F00917BB1 /* SystemConfiguration.framework */ = {isa = PBXFileReference; lastKnownFileType = wrapper.framework; name = SystemConfiguration.framework; path = System/Library/Frameworks/SystemConfiguration.framework; sourceTree = SDKROOT; };
		E55AB8351B2F029700917BB1 /* MobileCoreServices.framework */ = {isa = PBXFileReference; lastKnownFileType = wrapper.framework; name = MobileCoreServices.framework; path = System/Library/Frameworks/MobileCoreServices.framework; sourceTree = SDKROOT; };
		E55AB8371B2F029F00917BB1 /* CoreLocation.framework */ = {isa = PBXFileReference; lastKnownFileType = wrapper.framework; name = CoreLocation.framework; path = System/Library/Frameworks/CoreLocation.framework; sourceTree = SDKROOT; };
/* End PBXFileReference section */

/* Begin PBXFrameworksBuildPhase section */
		E55AB8111B2EFD2300917BB1 /* Frameworks */ = {
			isa = PBXFrameworksBuildPhase;
			buildActionMask = 2147483647;
			files = (
				E55AB8381B2F029F00917BB1 /* CoreLocation.framework in Frameworks */,
				E55AB8361B2F029700917BB1 /* MobileCoreServices.framework in Frameworks */,
				E55AB8341B2F028F00917BB1 /* SystemConfiguration.framework in Frameworks */,
				20A7668599D5AFF01D063BB2 /* Pods_Trails_iOS_SDK.framework in Frameworks */,
			);
			runOnlyForDeploymentPostprocessing = 0;
		};
		E55AB81D1B2EFD2300917BB1 /* Frameworks */ = {
			isa = PBXFrameworksBuildPhase;
			buildActionMask = 2147483647;
			files = (
				E55AB8211B2EFD2300917BB1 /* Trails_iOS_SDK.framework in Frameworks */,
			);
			runOnlyForDeploymentPostprocessing = 0;
		};
/* End PBXFrameworksBuildPhase section */

/* Begin PBXGroup section */
		188B461A6E844C8F88720411 /* Frameworks */ = {
			isa = PBXGroup;
			children = (
				E55AB8371B2F029F00917BB1 /* CoreLocation.framework */,
				E55AB8351B2F029700917BB1 /* MobileCoreServices.framework */,
				E55AB8331B2F028F00917BB1 /* SystemConfiguration.framework */,
				87F9A2761337EB9BD2F0A6D3 /* Pods_Trails_iOS_SDK.framework */,
			);
			name = Frameworks;
			sourceTree = "<group>";
		};
		29929FAD19217DA12D90DAC5 /* Pods */ = {
			isa = PBXGroup;
			children = (
				78C5E43CB8E9A0F1B257A703 /* Pods-Trails_iOS_SDK.debug.xcconfig */,
				6E133C5C60A290A6BDF724E3 /* Pods-Trails_iOS_SDK.release.xcconfig */,
			);
			name = Pods;
			sourceTree = "<group>";
		};
		E539E8641B302B1C001C5E89 /* Classes */ = {
			isa = PBXGroup;
			children = (
				E539E8651B302B1C001C5E89 /* Constants */,
				E539E8661B302B1C001C5E89 /* Interfaces */,
				E539E8671B302B1C001C5E89 /* Managers */,
				E539E8681B302B1C001C5E89 /* Model */,
				E539E8691B302B1C001C5E89 /* Network */,
				E539E86B1B302B1C001C5E89 /* Settings */,
				E539E86C1B302B1C001C5E89 /* Tasks */,
			);
			path = Classes;
			sourceTree = "<group>";
		};
		E539E8651B302B1C001C5E89 /* Constants */ = {
			isa = PBXGroup;
			children = (
				E539E8731B302D58001C5E89 /* TRSAPIConstants.h */,
				E539E8711B302D3C001C5E89 /* TRSConstants.h */,
				E539E8751B302D6D001C5E89 /* TRSJSONModelConstants.h */,
				E539E8771B302D80001C5E89 /* TRSJSONRequestConstants.h */,
				E539E8791B302D91001C5E89 /* TRSJSONResponseConstants.h */,
			);
			path = Constants;
			sourceTree = "<group>";
		};
		E539E8661B302B1C001C5E89 /* Interfaces */ = {
			isa = PBXGroup;
			children = (
				E539E87B1B303000001C5E89 /* TRSJSONSerializable.h */,
			);
			path = Interfaces;
			sourceTree = "<group>";
		};
		E539E8671B302B1C001C5E89 /* Managers */ = {
			isa = PBXGroup;
			children = (
				E539E8BF1B341B81001C5E89 /* Track */,
				E539E8B51B31A31F001C5E89 /* User */,
				E539E8A31B30376A001C5E89 /* Lifecycle */,
			);
			path = Managers;
			sourceTree = "<group>";
		};
		E539E8681B302B1C001C5E89 /* Model */ = {
			isa = PBXGroup;
			children = (
				E539E87F1B30306C001C5E89 /* TRSUser.h */,
				E539E8801B30306C001C5E89 /* TRSUser.m */,
				E539E8831B303080001C5E89 /* TRSTrack.h */,
				E539E8841B303080001C5E89 /* TRSTrack.m */,
			);
			path = Model;
			sourceTree = "<group>";
		};
		E539E8691B302B1C001C5E89 /* Network */ = {
			isa = PBXGroup;
			children = (
				E539E86A1B302B1C001C5E89 /* Session */,
				E539E8971B303625001C5E89 /* TRSImageRequestBuilder.h */,
				E539E8981B303625001C5E89 /* TRSImageRequestBuilder.m */,
				E539E8C81B342691001C5E89 /* TRSPlaybackRequestBuilder.h */,
				E539E8C91B342691001C5E89 /* TRSPlaybackRequestBuilder.m */,
				E539E88F1B3035E0001C5E89 /* TRSRequestBuilder.h */,
				E539E8901B3035E0001C5E89 /* TRSRequestBuilder.m */,
				E539E8931B3035F8001C5E89 /* TRSResponseObject.h */,
				E539E8941B3035F8001C5E89 /* TRSResponseObject.m */,
			);
			path = Network;
			sourceTree = "<group>";
		};
		E539E86A1B302B1C001C5E89 /* Session */ = {
			isa = PBXGroup;
			children = (
				E539E8871B30355C001C5E89 /* TRSCookieManager.h */,
				E539E8881B30355C001C5E89 /* TRSCookieManager.m */,
				E539E88B1B30356E001C5E89 /* TRSSessionManager.h */,
				E539E88C1B30356E001C5E89 /* TRSSessionManager.m */,
			);
			path = Session;
			sourceTree = "<group>";
		};
		E539E86B1B302B1C001C5E89 /* Settings */ = {
			isa = PBXGroup;
			children = (
				E539E89B1B303640001C5E89 /* TRSSettings.h */,
				E539E89C1B303640001C5E89 /* TRSSettings.m */,
			);
			path = Settings;
			sourceTree = "<group>";
		};
		E539E86C1B302B1C001C5E89 /* Tasks */ = {
			isa = PBXGroup;
			children = (
				E539E8BA1B341930001C5E89 /* Track */,
				E539E8AB1B31A1D7001C5E89 /* User */,
				E539E89F1B3036C2001C5E89 /* TRSNetworkTask.h */,
				E539E8A01B3036C2001C5E89 /* TRSNetworkTask.m */,
			);
			path = Tasks;
			sourceTree = "<group>";
		};
		E539E8A31B30376A001C5E89 /* Lifecycle */ = {
			isa = PBXGroup;
			children = (
				E539E8A41B30377B001C5E89 /* TRSLifecycleManager.h */,
				E539E8A51B30377B001C5E89 /* TRSLifecycleManager.m */,
			);
			path = Lifecycle;
			sourceTree = "<group>";
		};
		E539E8AB1B31A1D7001C5E89 /* User */ = {
			isa = PBXGroup;
			children = (
				E539E8B01B31A214001C5E89 /* Login */,
				E539E8C41B342587001C5E89 /* TRSGetAllUsersTask.h */,
				E539E8C51B342587001C5E89 /* TRSGetAllUsersTask.m */,
			);
			path = User;
			sourceTree = "<group>";
		};
		E539E8B01B31A214001C5E89 /* Login */ = {
			isa = PBXGroup;
			children = (
				E539E8B11B31A214001C5E89 /* TRSLoginTask.h */,
				E539E8B21B31A214001C5E89 /* TRSLoginTask.m */,
			);
			path = Login;
			sourceTree = "<group>";
		};
		E539E8B51B31A31F001C5E89 /* User */ = {
			isa = PBXGroup;
			children = (
				E539E8B61B31A32F001C5E89 /* TRSUserManager.h */,
				E539E8B71B31A32F001C5E89 /* TRSUserManager.m */,
			);
			path = User;
			sourceTree = "<group>";
		};
		E539E8BA1B341930001C5E89 /* Track */ = {
			isa = PBXGroup;
			children = (
				E539E8BB1B34194E001C5E89 /* TRSGetAllTracksTask.h */,
				E539E8BC1B34194E001C5E89 /* TRSGetAllTracksTask.m */,
			);
			path = Track;
			sourceTree = "<group>";
		};
		E539E8BF1B341B81001C5E89 /* Track */ = {
			isa = PBXGroup;
			children = (
				E539E8C01B341B91001C5E89 /* TRSTrackManager.h */,
				E539E8C11B341B91001C5E89 /* TRSTrackManager.m */,
			);
			path = Track;
			sourceTree = "<group>";
		};
		E55AB80B1B2EFD2300917BB1 = {
			isa = PBXGroup;
			children = (
				E55AB8171B2EFD2300917BB1 /* Trails_iOS_SDK */,
				E55AB8241B2EFD2300917BB1 /* Trails_iOS_SDKTests */,
				E55AB8161B2EFD2300917BB1 /* Products */,
				29929FAD19217DA12D90DAC5 /* Pods */,
				188B461A6E844C8F88720411 /* Frameworks */,
			);
			sourceTree = "<group>";
		};
		E55AB8161B2EFD2300917BB1 /* Products */ = {
			isa = PBXGroup;
			children = (
				E55AB8151B2EFD2300917BB1 /* Trails_iOS_SDK.framework */,
				E55AB8201B2EFD2300917BB1 /* Trails_iOS_SDKTests.xctest */,
			);
			name = Products;
			sourceTree = "<group>";
		};
		E55AB8171B2EFD2300917BB1 /* Trails_iOS_SDK */ = {
			isa = PBXGroup;
			children = (
				E55AB81A1B2EFD2300917BB1 /* Trails_iOS_SDK.h */,
				E539E8641B302B1C001C5E89 /* Classes */,
				E55AB8181B2EFD2300917BB1 /* Supporting Files */,
			);
			path = Trails_iOS_SDK;
			sourceTree = "<group>";
		};
		E55AB8181B2EFD2300917BB1 /* Supporting Files */ = {
			isa = PBXGroup;
			children = (
				E55AB8311B2F024500917BB1 /* Trails_iOS_SDK-Prefix.pch */,
				E55AB8191B2EFD2300917BB1 /* Info.plist */,
			);
			name = "Supporting Files";
			sourceTree = "<group>";
		};
		E55AB8241B2EFD2300917BB1 /* Trails_iOS_SDKTests */ = {
			isa = PBXGroup;
			children = (
				E55AB8271B2EFD2300917BB1 /* Trails_iOS_SDKTests.m */,
				E55AB8251B2EFD2300917BB1 /* Supporting Files */,
			);
			path = Trails_iOS_SDKTests;
			sourceTree = "<group>";
		};
		E55AB8251B2EFD2300917BB1 /* Supporting Files */ = {
			isa = PBXGroup;
			children = (
				E55AB8261B2EFD2300917BB1 /* Info.plist */,
			);
			name = "Supporting Files";
			sourceTree = "<group>";
		};
/* End PBXGroup section */

/* Begin PBXHeadersBuildPhase section */
		E55AB8121B2EFD2300917BB1 /* Headers */ = {
			isa = PBXHeadersBuildPhase;
			buildActionMask = 2147483647;
			files = (
				E539E8B81B31A32F001C5E89 /* TRSUserManager.h in Headers */,
				E539E8811B30306C001C5E89 /* TRSUser.h in Headers */,
				E539E8851B303080001C5E89 /* TRSTrack.h in Headers */,
				E539E8721B302D3C001C5E89 /* TRSConstants.h in Headers */,
				E539E8951B3035F8001C5E89 /* TRSResponseObject.h in Headers */,
				E539E8A61B30377B001C5E89 /* TRSLifecycleManager.h in Headers */,
				E539E8991B303625001C5E89 /* TRSImageRequestBuilder.h in Headers */,
				E539E8CA1B342691001C5E89 /* TRSPlaybackRequestBuilder.h in Headers */,
				E539E8C61B342587001C5E89 /* TRSGetAllUsersTask.h in Headers */,
				E539E87D1B303000001C5E89 /* TRSJSONSerializable.h in Headers */,
				E539E8C21B341B91001C5E89 /* TRSTrackManager.h in Headers */,
				E55AB81B1B2EFD2300917BB1 /* Trails_iOS_SDK.h in Headers */,
				E539E8BD1B34194E001C5E89 /* TRSGetAllTracksTask.h in Headers */,
				E539E8911B3035E0001C5E89 /* TRSRequestBuilder.h in Headers */,
				E539E8B31B31A214001C5E89 /* TRSLoginTask.h in Headers */,
				E539E8761B302D6D001C5E89 /* TRSJSONModelConstants.h in Headers */,
				E55AB8321B2F024500917BB1 /* Trails_iOS_SDK-Prefix.pch in Headers */,
				E539E88D1B30356E001C5E89 /* TRSSessionManager.h in Headers */,
				E539E8A11B3036C2001C5E89 /* TRSNetworkTask.h in Headers */,
				E539E8891B30355C001C5E89 /* TRSCookieManager.h in Headers */,
				E539E8781B302D80001C5E89 /* TRSJSONRequestConstants.h in Headers */,
				E539E89D1B303640001C5E89 /* TRSSettings.h in Headers */,
				E539E8741B302D58001C5E89 /* TRSAPIConstants.h in Headers */,
				E539E87A1B302D91001C5E89 /* TRSJSONResponseConstants.h in Headers */,
			);
			runOnlyForDeploymentPostprocessing = 0;
		};
/* End PBXHeadersBuildPhase section */

/* Begin PBXNativeTarget section */
		E55AB8141B2EFD2300917BB1 /* Trails_iOS_SDK */ = {
			isa = PBXNativeTarget;
			buildConfigurationList = E55AB82B1B2EFD2300917BB1 /* Build configuration list for PBXNativeTarget "Trails_iOS_SDK" */;
			buildPhases = (
				2E951A349CFE55A29A2E7D1C /* Check Pods Manifest.lock */,
				E55AB8101B2EFD2300917BB1 /* Sources */,
				E55AB8111B2EFD2300917BB1 /* Frameworks */,
				E55AB8121B2EFD2300917BB1 /* Headers */,
				E55AB8131B2EFD2300917BB1 /* Resources */,
				23F2408A86C2A025B509BFC7 /* Embed Pods Frameworks */,
				AF32A05A96A2BA82C1D2FA47 /* Copy Pods Resources */,
			);
			buildRules = (
			);
			dependencies = (
			);
			name = Trails_iOS_SDK;
			productName = Trails_iOS_SDK;
			productReference = E55AB8151B2EFD2300917BB1 /* Trails_iOS_SDK.framework */;
			productType = "com.apple.product-type.framework";
		};
		E55AB81F1B2EFD2300917BB1 /* Trails_iOS_SDKTests */ = {
			isa = PBXNativeTarget;
			buildConfigurationList = E55AB82E1B2EFD2300917BB1 /* Build configuration list for PBXNativeTarget "Trails_iOS_SDKTests" */;
			buildPhases = (
				E55AB81C1B2EFD2300917BB1 /* Sources */,
				E55AB81D1B2EFD2300917BB1 /* Frameworks */,
				E55AB81E1B2EFD2300917BB1 /* Resources */,
			);
			buildRules = (
			);
			dependencies = (
				E55AB8231B2EFD2300917BB1 /* PBXTargetDependency */,
			);
			name = Trails_iOS_SDKTests;
			productName = Trails_iOS_SDKTests;
			productReference = E55AB8201B2EFD2300917BB1 /* Trails_iOS_SDKTests.xctest */;
			productType = "com.apple.product-type.bundle.unit-test";
		};
/* End PBXNativeTarget section */

/* Begin PBXProject section */
		E55AB80C1B2EFD2300917BB1 /* Project object */ = {
			isa = PBXProject;
			attributes = {
				CLASSPREFIX = TRS;
				LastUpgradeCheck = 0630;
				ORGANIZATIONNAME = "Callender Bell Development";
				TargetAttributes = {
					E55AB8141B2EFD2300917BB1 = {
						CreatedOnToolsVersion = 6.3.2;
					};
					E55AB81F1B2EFD2300917BB1 = {
						CreatedOnToolsVersion = 6.3.2;
					};
					E55AB8391B2F040300917BB1 = {
						CreatedOnToolsVersion = 6.3.2;
					};
				};
			};
			buildConfigurationList = E55AB80F1B2EFD2300917BB1 /* Build configuration list for PBXProject "Trails_iOS_SDK" */;
			compatibilityVersion = "Xcode 3.2";
			developmentRegion = English;
			hasScannedForEncodings = 0;
			knownRegions = (
				en,
			);
			mainGroup = E55AB80B1B2EFD2300917BB1;
			productRefGroup = E55AB8161B2EFD2300917BB1 /* Products */;
			projectDirPath = "";
			projectRoot = "";
			targets = (
				E55AB8141B2EFD2300917BB1 /* Trails_iOS_SDK */,
				E55AB81F1B2EFD2300917BB1 /* Trails_iOS_SDKTests */,
				E55AB8391B2F040300917BB1 /* Trails_iOS_SDK-Universal */,
			);
		};
/* End PBXProject section */

/* Begin PBXResourcesBuildPhase section */
		E55AB8131B2EFD2300917BB1 /* Resources */ = {
			isa = PBXResourcesBuildPhase;
			buildActionMask = 2147483647;
			files = (
			);
			runOnlyForDeploymentPostprocessing = 0;
		};
		E55AB81E1B2EFD2300917BB1 /* Resources */ = {
			isa = PBXResourcesBuildPhase;
			buildActionMask = 2147483647;
			files = (
			);
			runOnlyForDeploymentPostprocessing = 0;
		};
/* End PBXResourcesBuildPhase section */

/* Begin PBXShellScriptBuildPhase section */
		23F2408A86C2A025B509BFC7 /* Embed Pods Frameworks */ = {
			isa = PBXShellScriptBuildPhase;
			buildActionMask = 2147483647;
			files = (
			);
			inputPaths = (
			);
			name = "Embed Pods Frameworks";
			outputPaths = (
			);
			runOnlyForDeploymentPostprocessing = 0;
			shellPath = /bin/sh;
			shellScript = "\"${SRCROOT}/Pods/Target Support Files/Pods-Trails_iOS_SDK/Pods-Trails_iOS_SDK-frameworks.sh\"\n";
			showEnvVarsInLog = 0;
		};
		2E951A349CFE55A29A2E7D1C /* Check Pods Manifest.lock */ = {
			isa = PBXShellScriptBuildPhase;
			buildActionMask = 2147483647;
			files = (
			);
			inputPaths = (
			);
			name = "Check Pods Manifest.lock";
			outputPaths = (
			);
			runOnlyForDeploymentPostprocessing = 0;
			shellPath = /bin/sh;
			shellScript = "diff \"${PODS_ROOT}/../Podfile.lock\" \"${PODS_ROOT}/Manifest.lock\" > /dev/null\nif [[ $? != 0 ]] ; then\n    cat << EOM\nerror: The sandbox is not in sync with the Podfile.lock. Run 'pod install' or update your CocoaPods installation.\nEOM\n    exit 1\nfi\n";
			showEnvVarsInLog = 0;
		};
		AF32A05A96A2BA82C1D2FA47 /* Copy Pods Resources */ = {
			isa = PBXShellScriptBuildPhase;
			buildActionMask = 2147483647;
			files = (
			);
			inputPaths = (
			);
			name = "Copy Pods Resources";
			outputPaths = (
			);
			runOnlyForDeploymentPostprocessing = 0;
			shellPath = /bin/sh;
			shellScript = "\"${SRCROOT}/Pods/Target Support Files/Pods-Trails_iOS_SDK/Pods-Trails_iOS_SDK-resources.sh\"\n";
			showEnvVarsInLog = 0;
		};
		E55AB83D1B2F045600917BB1 /* ShellScript */ = {
			isa = PBXShellScriptBuildPhase;
			buildActionMask = 2147483647;
			files = (
			);
			inputPaths = (
			);
			outputPaths = (
			);
			runOnlyForDeploymentPostprocessing = 0;
			shellPath = /bin/sh;
			shellScript = "######################\n# Options\n######################\n\nREVEAL_ARCHIVE_IN_FINDER=false\n\nFRAMEWORK_NAME=\"${PROJECT_NAME}\"\n\nSIMULATOR_LIBRARY_PATH=\"${BUILD_DIR}/${CONFIGURATION}-iphonesimulator/${FRAMEWORK_NAME}.framework\"\n\nDEVICE_LIBRARY_PATH=\"${BUILD_DIR}/${CONFIGURATION}-iphoneos/${FRAMEWORK_NAME}.framework\"\n\nUNIVERSAL_LIBRARY_DIR=\"${BUILD_DIR}/${CONFIGURATION}-iphoneuniversal\"\n\nFRAMEWORK=\"${UNIVERSAL_LIBRARY_DIR}/${FRAMEWORK_NAME}.framework\"\n\n\n######################\n# Build Frameworks\n######################\n\nxcodebuild -workspace ${PROJECT_NAME}.xcworkspace -scheme ${PROJECT_NAME} -sdk iphonesimulator -configuration ${CONFIGURATION} clean build CONFIGURATION_BUILD_DIR=${BUILD_DIR}/${CONFIGURATION}-iphonesimulator 2>&1\n\nxcodebuild -workspace ${PROJECT_NAME}.xcworkspace -scheme ${PROJECT_NAME} -sdk iphoneos -configuration ${CONFIGURATION} clean build CONFIGURATION_BUILD_DIR=${BUILD_DIR}/${CONFIGURATION}-iphoneos 2>&1\n\n######################\n# Create directory for universal\n######################\n\nrm -rf \"${UNIVERSAL_LIBRARY_DIR}\"\n\nmkdir \"${UNIVERSAL_LIBRARY_DIR}\"\n\nmkdir \"${FRAMEWORK}\"\n\n\n######################\n# Copy files Framework\n######################\n\ncp -r \"${DEVICE_LIBRARY_PATH}/.\" \"${FRAMEWORK}\"\n\n\n######################\n# Make an universal binary\n######################\n\nlipo \"${SIMULATOR_LIBRARY_PATH}/${FRAMEWORK_NAME}\" \"${DEVICE_LIBRARY_PATH}/${FRAMEWORK_NAME}\" -create -output \"${FRAMEWORK}/${FRAMEWORK_NAME}\" | echo\n\n# For Swift framework, Swiftmodule needs to be copied in the universal framework\nif [ -d \"${SIMULATOR_LIBRARY_PATH}/Modules/${FRAMEWORK_NAME}.swiftmodule/\" ]; then\ncp -f ${SIMULATOR_LIBRARY_PATH}/Modules/${FRAMEWORK_NAME}.swiftmodule/* \"${FRAMEWORK}/Modules/${FRAMEWORK_NAME}.swiftmodule/\" | echo\n                                                                      fi\n                                                                      \n                                                                      if [ -d \"${DEVICE_LIBRARY_PATH}/Modules/${FRAMEWORK_NAME}.swiftmodule/\" ]; then\n                                                                      cp -f ${DEVICE_LIBRARY_PATH}/Modules/${FRAMEWORK_NAME}.swiftmodule/* \"${FRAMEWORK}/Modules/${FRAMEWORK_NAME}.swiftmodule/\" | echo\n                                                                      fi\n                                                                      \n                                                                      ######################\n                                                                      # On Release, copy the result to release directory\n                                                                      ######################\n                                                                      OUTPUT_DIR=\"${PROJECT_DIR}/Output/${FRAMEWORK_NAME}-${CONFIGURATION}-iphoneuniversal/\"\n                                                                      \n                                                                      rm -rf \"$OUTPUT_DIR\"\n                                                                      mkdir -p \"$OUTPUT_DIR\"\n                                                                      \n                                                                      cp -r \"${FRAMEWORK}\" \"$OUTPUT_DIR\"\n                                                                      \n                                                                      if [ ${REVEAL_ARCHIVE_IN_FINDER} = true ]; then\n                                                                      open \"${OUTPUT_DIR}/\"\n                                                                      fi\n";
		};
/* End PBXShellScriptBuildPhase section */

/* Begin PBXSourcesBuildPhase section */
		E55AB8101B2EFD2300917BB1 /* Sources */ = {
			isa = PBXSourcesBuildPhase;
			buildActionMask = 2147483647;
			files = (
				E539E89A1B303625001C5E89 /* TRSImageRequestBuilder.m in Sources */,
				E539E88A1B30355C001C5E89 /* TRSCookieManager.m in Sources */,
				E539E89E1B303640001C5E89 /* TRSSettings.m in Sources */,
				E539E8961B3035F8001C5E89 /* TRSResponseObject.m in Sources */,
				E539E8821B30306C001C5E89 /* TRSUser.m in Sources */,
				E539E88E1B30356E001C5E89 /* TRSSessionManager.m in Sources */,
				E539E8CB1B342691001C5E89 /* TRSPlaybackRequestBuilder.m in Sources */,
				E539E8861B303080001C5E89 /* TRSTrack.m in Sources */,
				E539E8C31B341B91001C5E89 /* TRSTrackManager.m in Sources */,
				E539E8A21B3036C2001C5E89 /* TRSNetworkTask.m in Sources */,
				E539E8A71B30377B001C5E89 /* TRSLifecycleManager.m in Sources */,
				E539E8BE1B34194E001C5E89 /* TRSGetAllTracksTask.m in Sources */,
				E539E8921B3035E0001C5E89 /* TRSRequestBuilder.m in Sources */,
				E539E8C71B342587001C5E89 /* TRSGetAllUsersTask.m in Sources */,
				E539E8B91B31A32F001C5E89 /* TRSUserManager.m in Sources */,
				E539E8B41B31A214001C5E89 /* TRSLoginTask.m in Sources */,
			);
			runOnlyForDeploymentPostprocessing = 0;
		};
		E55AB81C1B2EFD2300917BB1 /* Sources */ = {
			isa = PBXSourcesBuildPhase;
			buildActionMask = 2147483647;
			files = (
				E55AB8281B2EFD2300917BB1 /* Trails_iOS_SDKTests.m in Sources */,
			);
			runOnlyForDeploymentPostprocessing = 0;
		};
/* End PBXSourcesBuildPhase section */

/* Begin PBXTargetDependency section */
		E55AB8231B2EFD2300917BB1 /* PBXTargetDependency */ = {
			isa = PBXTargetDependency;
			target = E55AB8141B2EFD2300917BB1 /* Trails_iOS_SDK */;
			targetProxy = E55AB8221B2EFD2300917BB1 /* PBXContainerItemProxy */;
		};
/* End PBXTargetDependency section */

/* Begin XCBuildConfiguration section */
		E55AB8291B2EFD2300917BB1 /* Debug */ = {
			isa = XCBuildConfiguration;
			buildSettings = {
				ALWAYS_SEARCH_USER_PATHS = NO;
				CLANG_CXX_LANGUAGE_STANDARD = "gnu++0x";
				CLANG_CXX_LIBRARY = "libc++";
				CLANG_ENABLE_MODULES = YES;
				CLANG_ENABLE_OBJC_ARC = YES;
				CLANG_WARN_BOOL_CONVERSION = YES;
				CLANG_WARN_CONSTANT_CONVERSION = YES;
				CLANG_WARN_DIRECT_OBJC_ISA_USAGE = YES_ERROR;
				CLANG_WARN_EMPTY_BODY = YES;
				CLANG_WARN_ENUM_CONVERSION = YES;
				CLANG_WARN_INT_CONVERSION = YES;
				CLANG_WARN_OBJC_ROOT_CLASS = YES_ERROR;
				CLANG_WARN_UNREACHABLE_CODE = YES;
				CLANG_WARN__DUPLICATE_METHOD_MATCH = YES;
				"CODE_SIGN_IDENTITY[sdk=iphoneos*]" = "iPhone Developer";
				COPY_PHASE_STRIP = NO;
				CURRENT_PROJECT_VERSION = 1;
				DEBUG_INFORMATION_FORMAT = "dwarf-with-dsym";
				ENABLE_STRICT_OBJC_MSGSEND = YES;
				GCC_C_LANGUAGE_STANDARD = gnu99;
				GCC_DYNAMIC_NO_PIC = NO;
				GCC_NO_COMMON_BLOCKS = YES;
				GCC_OPTIMIZATION_LEVEL = 0;
				GCC_PREPROCESSOR_DEFINITIONS = (
					"DEBUG=1",
					"$(inherited)",
				);
				GCC_SYMBOLS_PRIVATE_EXTERN = NO;
				GCC_WARN_64_TO_32_BIT_CONVERSION = YES;
				GCC_WARN_ABOUT_RETURN_TYPE = YES_ERROR;
				GCC_WARN_UNDECLARED_SELECTOR = YES;
				GCC_WARN_UNINITIALIZED_AUTOS = YES_AGGRESSIVE;
				GCC_WARN_UNUSED_FUNCTION = YES;
				GCC_WARN_UNUSED_VARIABLE = YES;
				IPHONEOS_DEPLOYMENT_TARGET = 8.3;
				MTL_ENABLE_DEBUG_INFO = YES;
				ONLY_ACTIVE_ARCH = YES;
				SDKROOT = iphoneos;
				TARGETED_DEVICE_FAMILY = "1,2";
				VERSIONING_SYSTEM = "apple-generic";
				VERSION_INFO_PREFIX = "";
			};
			name = Debug;
		};
		E55AB82A1B2EFD2300917BB1 /* Release */ = {
			isa = XCBuildConfiguration;
			buildSettings = {
				ALWAYS_SEARCH_USER_PATHS = NO;
				CLANG_CXX_LANGUAGE_STANDARD = "gnu++0x";
				CLANG_CXX_LIBRARY = "libc++";
				CLANG_ENABLE_MODULES = YES;
				CLANG_ENABLE_OBJC_ARC = YES;
				CLANG_WARN_BOOL_CONVERSION = YES;
				CLANG_WARN_CONSTANT_CONVERSION = YES;
				CLANG_WARN_DIRECT_OBJC_ISA_USAGE = YES_ERROR;
				CLANG_WARN_EMPTY_BODY = YES;
				CLANG_WARN_ENUM_CONVERSION = YES;
				CLANG_WARN_INT_CONVERSION = YES;
				CLANG_WARN_OBJC_ROOT_CLASS = YES_ERROR;
				CLANG_WARN_UNREACHABLE_CODE = YES;
				CLANG_WARN__DUPLICATE_METHOD_MATCH = YES;
				"CODE_SIGN_IDENTITY[sdk=iphoneos*]" = "iPhone Developer";
				COPY_PHASE_STRIP = NO;
				CURRENT_PROJECT_VERSION = 1;
				DEBUG_INFORMATION_FORMAT = "dwarf-with-dsym";
				ENABLE_NS_ASSERTIONS = NO;
				ENABLE_STRICT_OBJC_MSGSEND = YES;
				GCC_C_LANGUAGE_STANDARD = gnu99;
				GCC_NO_COMMON_BLOCKS = YES;
				GCC_WARN_64_TO_32_BIT_CONVERSION = YES;
				GCC_WARN_ABOUT_RETURN_TYPE = YES_ERROR;
				GCC_WARN_UNDECLARED_SELECTOR = YES;
				GCC_WARN_UNINITIALIZED_AUTOS = YES_AGGRESSIVE;
				GCC_WARN_UNUSED_FUNCTION = YES;
				GCC_WARN_UNUSED_VARIABLE = YES;
				IPHONEOS_DEPLOYMENT_TARGET = 8.3;
				MTL_ENABLE_DEBUG_INFO = NO;
				SDKROOT = iphoneos;
				TARGETED_DEVICE_FAMILY = "1,2";
				VALIDATE_PRODUCT = YES;
				VERSIONING_SYSTEM = "apple-generic";
				VERSION_INFO_PREFIX = "";
			};
			name = Release;
		};
		E55AB82C1B2EFD2300917BB1 /* Debug */ = {
			isa = XCBuildConfiguration;
			baseConfigurationReference = 78C5E43CB8E9A0F1B257A703 /* Pods-Trails_iOS_SDK.debug.xcconfig */;
			buildSettings = {
				DEFINES_MODULE = YES;
				DYLIB_COMPATIBILITY_VERSION = 1;
				DYLIB_CURRENT_VERSION = 1;
				DYLIB_INSTALL_NAME_BASE = "@rpath";
				GCC_PRECOMPILE_PREFIX_HEADER = YES;
				GCC_PREFIX_HEADER = "Trails_iOS_SDK/Trails_iOS_SDK-Prefix.pch";
				INFOPLIST_FILE = Trails_iOS_SDK/Info.plist;
				INSTALL_PATH = "$(LOCAL_LIBRARY_DIR)/Frameworks";
				LD_RUNPATH_SEARCH_PATHS = "$(inherited) @executable_path/Frameworks @loader_path/Frameworks";
				ONLY_ACTIVE_ARCH = NO;
				PRODUCT_NAME = "$(TARGET_NAME)";
				SKIP_INSTALL = YES;
			};
			name = Debug;
		};
		E55AB82D1B2EFD2300917BB1 /* Release */ = {
			isa = XCBuildConfiguration;
			baseConfigurationReference = 6E133C5C60A290A6BDF724E3 /* Pods-Trails_iOS_SDK.release.xcconfig */;
			buildSettings = {
				DEFINES_MODULE = YES;
				DYLIB_COMPATIBILITY_VERSION = 1;
				DYLIB_CURRENT_VERSION = 1;
				DYLIB_INSTALL_NAME_BASE = "@rpath";
				GCC_PRECOMPILE_PREFIX_HEADER = YES;
				GCC_PREFIX_HEADER = "Trails_iOS_SDK/Trails_iOS_SDK-Prefix.pch";
				INFOPLIST_FILE = Trails_iOS_SDK/Info.plist;
				INSTALL_PATH = "$(LOCAL_LIBRARY_DIR)/Frameworks";
				LD_RUNPATH_SEARCH_PATHS = "$(inherited) @executable_path/Frameworks @loader_path/Frameworks";
				ONLY_ACTIVE_ARCH = NO;
				PRODUCT_NAME = "$(TARGET_NAME)";
				SKIP_INSTALL = YES;
			};
			name = Release;
		};
		E55AB82F1B2EFD2300917BB1 /* Debug */ = {
			isa = XCBuildConfiguration;
			buildSettings = {
				FRAMEWORK_SEARCH_PATHS = (
					"$(SDKROOT)/Developer/Library/Frameworks",
					"$(inherited)",
				);
				GCC_PREPROCESSOR_DEFINITIONS = (
					"DEBUG=1",
					"$(inherited)",
				);
				INFOPLIST_FILE = Trails_iOS_SDKTests/Info.plist;
				LD_RUNPATH_SEARCH_PATHS = "$(inherited) @executable_path/Frameworks @loader_path/Frameworks";
				PRODUCT_NAME = "$(TARGET_NAME)";
			};
			name = Debug;
		};
		E55AB8301B2EFD2300917BB1 /* Release */ = {
			isa = XCBuildConfiguration;
			buildSettings = {
				FRAMEWORK_SEARCH_PATHS = (
					"$(SDKROOT)/Developer/Library/Frameworks",
					"$(inherited)",
				);
				INFOPLIST_FILE = Trails_iOS_SDKTests/Info.plist;
				LD_RUNPATH_SEARCH_PATHS = "$(inherited) @executable_path/Frameworks @loader_path/Frameworks";
				PRODUCT_NAME = "$(TARGET_NAME)";
			};
			name = Release;
		};
		E55AB83B1B2F040300917BB1 /* Debug */ = {
			isa = XCBuildConfiguration;
			buildSettings = {
				PRODUCT_NAME = "$(TARGET_NAME)";
			};
			name = Debug;
		};
		E55AB83C1B2F040300917BB1 /* Release */ = {
			isa = XCBuildConfiguration;
			buildSettings = {
				PRODUCT_NAME = "$(TARGET_NAME)";
			};
			name = Release;
		};
/* End XCBuildConfiguration section */

/* Begin XCConfigurationList section */
		E55AB80F1B2EFD2300917BB1 /* Build configuration list for PBXProject "Trails_iOS_SDK" */ = {
			isa = XCConfigurationList;
			buildConfigurations = (
				E55AB8291B2EFD2300917BB1 /* Debug */,
				E55AB82A1B2EFD2300917BB1 /* Release */,
			);
			defaultConfigurationIsVisible = 0;
			defaultConfigurationName = Release;
		};
		E55AB82B1B2EFD2300917BB1 /* Build configuration list for PBXNativeTarget "Trails_iOS_SDK" */ = {
			isa = XCConfigurationList;
			buildConfigurations = (
				E55AB82C1B2EFD2300917BB1 /* Debug */,
				E55AB82D1B2EFD2300917BB1 /* Release */,
			);
			defaultConfigurationIsVisible = 0;
			defaultConfigurationName = Release;
		};
		E55AB82E1B2EFD2300917BB1 /* Build configuration list for PBXNativeTarget "Trails_iOS_SDKTests" */ = {
			isa = XCConfigurationList;
			buildConfigurations = (
				E55AB82F1B2EFD2300917BB1 /* Debug */,
				E55AB8301B2EFD2300917BB1 /* Release */,
			);
			defaultConfigurationIsVisible = 0;
			defaultConfigurationName = Release;
		};
		E55AB83A1B2F040300917BB1 /* Build configuration list for PBXAggregateTarget "Trails_iOS_SDK-Universal" */ = {
			isa = XCConfigurationList;
			buildConfigurations = (
				E55AB83B1B2F040300917BB1 /* Debug */,
				E55AB83C1B2F040300917BB1 /* Release */,
			);
			defaultConfigurationIsVisible = 0;
			defaultConfigurationName = Release;
		};
/* End XCConfigurationList section */
	};
	rootObject = E55AB80C1B2EFD2300917BB1 /* Project object */;
}
